PODS:
  - Flutter (1.0.0)
  - sms_consent (0.0.4):
    - Flutter

DEPENDENCIES:
  - Flutter (from `.symlinks/flutter/ios`)
  - sms_consent (from `.symlinks/plugins/sms_consent/ios`)

EXTERNAL SOURCES:
  Flutter:
    :path: ".symlinks/flutter/ios"
  sms_consent:
    :path: ".symlinks/plugins/sms_consent/ios"

SPEC CHECKSUMS:
  Flutter: 0e3d915762c693b495b44d77113d4970485de6ec
  sms_consent: 4386c029a04cdfdedfe028625e1353cc8f4a943d

PODFILE CHECKSUM: 10ae9c18d12c9ffc2275c9a159a3b1e281990db0

COCOAPODS: 1.7.5
